{
  "nodes": {
    "nixpkgs": {
      "locked": {
        "lastModified": 1699739919,
        "narHash": "sha256-CPGuPn/zKG9EO/Y6D0AtRFCLoBJPNF176N0/otM/Gog=",
        "owner": "NixOS",
        "repo": "nixpkgs",
        "rev": "81327627c05d231679b049835fb22ee5bb284974",
        "type": "github"
      },
      "original": {
        "owner": "NixOS",
        "repo": "nixpkgs",
        "type": "github"
      }
    },
    "root": {
      "inputs": {
        "nixpkgs": "nixpkgs"
      }
    }
  },
  "root": "root",
  "version": 7
}
